<?xml version="1.0" encoding="utf-8"?>
<Project ToolsVersion="4.0" xmlns="http://schemas.microsoft.com/developer/msbuild/2003">
  <ItemGroup>
    <Filter Include="core" />
    <Filter Include="d3d9" />
    <Filter Include="game" />
    <Filter Include="input" />
    <Filter Include="window" />
  </ItemGroup>
  <ItemGroup>
    <ClCompile Include="BorderlessMode.cpp" />
    <ClCompile Include="core\config.cpp">
      <Filter>core</Filter>
    </ClCompile>
    <ClCompile Include="core\hook.cpp">
      <Filter>core</Filter>
    </ClCompile>
    <ClCompile Include="core\memory.cpp">
      <Filter>core</Filter>
    </ClCompile>
    <ClCompile Include="core\module.cpp">
      <Filter>core</Filter>
    </ClCompile>
    <ClCompile Include="d3d9\device_hooks.cpp">
      <Filter>d3d9</Filter>
    </ClCompile>
    <ClCompile Include="d3d9\present_params.cpp">
      <Filter>d3d9</Filter>
    </ClCompile>
    <ClCompile Include="game\fps_overlay.cpp">
      <Filter>game</Filter>
    </ClCompile>
    <ClCompile Include="game\patches.cpp">
      <Filter>game</Filter>
    </ClCompile>
    <ClCompile Include="input\cursor.cpp">
      <Filter>input</Filter>
    </ClCompile>
    <ClCompile Include="input\key_filter.cpp">
      <Filter>input</Filter>
    </ClCompile>
    <ClCompile Include="input\message_pump.cpp">
      <Filter>input</Filter>
    </ClCompile>
    <ClCompile Include="window\borderless.cpp">
      <Filter>window</Filter>
    </ClCompile>
    <ClCompile Include="window\display_mode.cpp">
      <Filter>window</Filter>
    </ClCompile>
    <ClCompile Include="window\window_proc.cpp">
      <Filter>window</Filter>
    </ClCompile>
  </ItemGroup>
  <ItemGroup>
    <ClInclude Include="resource.h" />
    <ClInclude Include="version.h" />
    <ClInclude Include="core\config.h">
      <Filter>core</Filter>
    </ClInclude>
    <ClInclude Include="core\hook.h">
      <Filter>core</Filter>
    </ClInclude>
    <ClInclude Include="core\memory.h">
      <Filter>core</Filter>
    </ClInclude>
    <ClInclude Include="core\module.h">
      <Filter>core</Filter>
    </ClInclude>
    <ClInclude Include="d3d9\device_hooks.h">
      <Filter>d3d9</Filter>
    </ClInclude>
    <ClInclude Include="d3d9\present_params.h">
      <Filter>d3d9</Filter>
    </ClInclude>
    <ClInclude Include="game\addresses.h">
      <Filter>game</Filter>
    </ClInclude>
    <ClInclude Include="game\fps_overlay.h">
      <Filter>game</Filter>
    </ClInclude>
    <ClInclude Include="game\patches.h">
      <Filter>game</Filter>
    </ClInclude>
    <ClInclude Include="input\cursor.h">
      <Filter>input</Filter>
    </ClInclude>
    <ClInclude Include="input\key_filter.h">
      <Filter>input</Filter>
    </ClInclude>
    <ClInclude Include="input\message_pump.h">
      <Filter>input</Filter>
    </ClInclude>
    <ClInclude Include="window\borderless.h">
      <Filter>window</Filter>
    </ClInclude>
    <ClInclude Include="window\display_mode.h">
      <Filter>window</Filter>
    </ClInclude>
    <ClInclude Include="window\window_proc.h">
      <Filter>window</Filter>
    </ClInclude>
  </ItemGroup>
  <ItemGroup>
    <ResourceCompile Include="BorderlessMode.rc" />
  </ItemGroup>
  <ItemGroup>
    <None Include="..\.github\workflows\release.yml" />
    <None Include="..\CHANGELOG.md" />
    <None Include="..\LICENSE" />
    <None Include="..\README.md" />
    <None Include="..\.github\workflows\build.yml" />
    <None Include="..\Config\BorderlessMode.ini" />
  </ItemGroup>
</Project>
